{
  "version": 4,
  "terraform_version": "1.6.1",
  "serial": 98,
  "lineage": "d51b3348-23a3-2bc8-92f0-472817ecbb0c",
  "outputs": {
    "account_id": {
      "value": "643461555743",
      "type": "string",
      "sensitive": true
    },
    "bucket_arn": {
      "value": "arn:aws:s3:::fiap-2025-tech02-b3-glue",
      "type": "string"
    },
    "bucket_name": {
      "value": "fiap-2025-tech02-b3-glue",
      "type": "string"
    },
    "glue_job_visual_name": {
      "value": "b3-visual-etl",
      "type": "string"
    },
    "glue_visual_job_parameters": {
      "value": {
        "glue_version": "4.0",
        "iam_role": "LabRole",
        "job_name": "b3-visual-etl",
        "number_workers": 2,
        "source_bucket": "fiap-2025-tech02-b3-glue",
        "target_bucket": "fiap-2025-tech02-b3-glue",
        "temp_dir": "s3://fiap-2025-tech02-b3-glue/temp/",
        "worker_type": "G.1X"
      },
      "type": [
        "object",
        {
          "glue_version": "string",
          "iam_role": "string",
          "job_name": "string",
          "number_workers": "number",
          "source_bucket": "string",
          "target_bucket": "string",
          "temp_dir": "string",
          "worker_type": "string"
        }
      ]
    },
    "lambda_function_name": {
      "value": "b3-glue-trigger",
      "type": "string"
    }
  },
  "resources": [
    {
      "mode": "data",
      "type": "aws_caller_identity",
      "name": "current",
      "provider": "provider[\"registry.terraform.io/hashicorp/aws\"]",
      "instances": [
        {
          "schema_version": 0,
          "attributes": {
            "account_id": "643461555743",
            "arn": "arn:aws:sts::643461555743:assumed-role/voclabs/user4152501=rm362545@fiap.com.br",
            "id": "643461555743",
            "user_id": "AROAZLUKMEYPTZZK2DW35:user4152501=rm362545@fiap.com.br"
          },
          "sensitive_attributes": []
        }
      ]
    },
    {
      "mode": "managed",
      "type": "aws_lambda_function",
      "name": "glue_trigger",
      "provider": "provider[\"registry.terraform.io/hashicorp/aws\"]",
      "instances": [
        {
          "schema_version": 0,
          "attributes": {
            "architectures": [
              "x86_64"
            ],
            "arn": "arn:aws:lambda:us-east-1:643461555743:function:b3-glue-trigger",
            "code_sha256": "qkW0oePMa381tneR7llYqPIfUMrFr/HHg23JTyEaV5g=",
            "code_signing_config_arn": "",
            "dead_letter_config": [],
            "description": "",
            "environment": [
              {
                "variables": {
                  "JOB_NAME": "b3-visual-etl"
                }
              }
            ],
            "ephemeral_storage": [
              {
                "size": 512
              }
            ],
            "file_system_config": [],
            "filename": "glue_trigger.zip",
            "function_name": "b3-glue-trigger",
            "handler": "lambda_function.lambda_handler",
            "id": "b3-glue-trigger",
            "image_config": [],
            "image_uri": "",
            "invoke_arn": "arn:aws:apigateway:us-east-1:lambda:path/2015-03-31/functions/arn:aws:lambda:us-east-1:643461555743:function:b3-glue-trigger/invocations",
            "kms_key_arn": "",
            "last_modified": "2025-07-09T22:53:59.630+0000",
            "layers": null,
            "logging_config": [
              {
                "application_log_level": "",
                "log_format": "Text",
                "log_group": "/aws/lambda/b3-glue-trigger",
                "system_log_level": ""
              }
            ],
            "memory_size": 128,
            "package_type": "Zip",
            "publish": false,
            "qualified_arn": "arn:aws:lambda:us-east-1:643461555743:function:b3-glue-trigger:$LATEST",
            "qualified_invoke_arn": "arn:aws:apigateway:us-east-1:lambda:path/2015-03-31/functions/arn:aws:lambda:us-east-1:643461555743:function:b3-glue-trigger:$LATEST/invocations",
            "region": "us-east-1",
            "replace_security_groups_on_destroy": null,
            "replacement_security_group_ids": null,
            "reserved_concurrent_executions": -1,
            "role": "arn:aws:iam::643461555743:role/LabRole",
            "runtime": "python3.12",
            "s3_bucket": null,
            "s3_key": null,
            "s3_object_version": null,
            "signing_job_arn": "",
            "signing_profile_version_arn": "",
            "skip_destroy": false,
            "snap_start": [],
            "source_code_hash": "",
            "source_code_size": 1576,
            "tags": {
              "Environment": "Academy",
              "Name": "B3 Glue Trigger"
            },
            "tags_all": {
              "Environment": "Academy",
              "Name": "B3 Glue Trigger"
            },
            "timeout": 30,
            "timeouts": null,
            "tracing_config": [
              {
                "mode": "PassThrough"
              }
            ],
            "version": "$LATEST",
            "vpc_config": []
          },
          "sensitive_attributes": [],
          "private": "eyJlMmJmYjczMC1lY2FhLTExZTYtOGY4OC0zNDM2M2JjN2M0YzAiOnsiY3JlYXRlIjo2MDAwMDAwMDAwMDAsImRlbGV0ZSI6NjAwMDAwMDAwMDAwLCJ1cGRhdGUiOjYwMDAwMDAwMDAwMH19",
          "dependencies": [
            "data.aws_caller_identity.current"
          ]
        }
      ]
    },
    {
      "mode": "managed",
      "type": "aws_lambda_permission",
      "name": "allow_s3",
      "provider": "provider[\"registry.terraform.io/hashicorp/aws\"]",
      "instances": [
        {
          "schema_version": 0,
          "attributes": {
            "action": "lambda:InvokeFunction",
            "event_source_token": null,
            "function_name": "b3-glue-trigger",
            "function_url_auth_type": null,
            "id": "AllowExecutionFromS3Bucket",
            "principal": "s3.amazonaws.com",
            "principal_org_id": null,
            "qualifier": "",
            "region": "us-east-1",
            "source_account": null,
            "source_arn": "arn:aws:s3:::fiap-2025-tech02-b3-glue",
            "statement_id": "AllowExecutionFromS3Bucket",
            "statement_id_prefix": ""
          },
          "sensitive_attributes": [],
          "private": "bnVsbA==",
          "dependencies": [
            "aws_lambda_function.glue_trigger",
            "aws_s3_bucket.b3_glue",
            "data.aws_caller_identity.current"
          ]
        }
      ]
    },
    {
      "mode": "managed",
      "type": "aws_s3_bucket",
      "name": "b3_glue",
      "provider": "provider[\"registry.terraform.io/hashicorp/aws\"]",
      "instances": [
        {
          "schema_version": 0,
          "attributes": {
            "acceleration_status": "",
            "acl": null,
            "arn": "arn:aws:s3:::fiap-2025-tech02-b3-glue",
            "bucket": "fiap-2025-tech02-b3-glue",
            "bucket_domain_name": "fiap-2025-tech02-b3-glue.s3.amazonaws.com",
            "bucket_prefix": "",
            "bucket_region": "us-east-1",
            "bucket_regional_domain_name": "fiap-2025-tech02-b3-glue.s3.us-east-1.amazonaws.com",
            "cors_rule": [],
            "force_destroy": true,
            "grant": [
              {
                "id": "c689bc5f31d9bf7b68833049cfe91f74b0b22ce0b2970f75d576974ad8962668",
                "permissions": [
                  "FULL_CONTROL"
                ],
                "type": "CanonicalUser",
                "uri": ""
              }
            ],
            "hosted_zone_id": "Z3AQBSTGFYJSTF",
            "id": "fiap-2025-tech02-b3-glue",
            "lifecycle_rule": [],
            "logging": [],
            "object_lock_configuration": [],
            "object_lock_enabled": false,
            "policy": "",
            "region": "us-east-1",
            "replication_configuration": [],
            "request_payer": "BucketOwner",
            "server_side_encryption_configuration": [
              {
                "rule": [
                  {
                    "apply_server_side_encryption_by_default": [
                      {
                        "kms_master_key_id": "",
                        "sse_algorithm": "AES256"
                      }
                    ],
                    "bucket_key_enabled": false
                  }
                ]
              }
            ],
            "tags": {
              "Environment": "Academy",
              "Name": "B3 Glue Data",
              "Security": "Private"
            },
            "tags_all": {
              "Environment": "Academy",
              "Name": "B3 Glue Data",
              "Security": "Private"
            },
            "timeouts": null,
            "versioning": [
              {
                "enabled": false,
                "mfa_delete": false
              }
            ],
            "website": [],
            "website_domain": null,
            "website_endpoint": null
          },
          "sensitive_attributes": [],
          "private": "eyJlMmJmYjczMC1lY2FhLTExZTYtOGY4OC0zNDM2M2JjN2M0YzAiOnsiY3JlYXRlIjoxMjAwMDAwMDAwMDAwLCJkZWxldGUiOjM2MDAwMDAwMDAwMDAsInJlYWQiOjEyMDAwMDAwMDAwMDAsInVwZGF0ZSI6MTIwMDAwMDAwMDAwMH19"
        }
      ]
    },
    {
      "mode": "managed",
      "type": "aws_s3_bucket_notification",
      "name": "b3_lambda_trigger",
      "provider": "provider[\"registry.terraform.io/hashicorp/aws\"]",
      "instances": [
        {
          "schema_version": 0,
          "attributes": {
            "bucket": "fiap-2025-tech02-b3-glue",
            "eventbridge": false,
            "id": "fiap-2025-tech02-b3-glue",
            "lambda_function": [
              {
                "events": [
                  "s3:ObjectCreated:*"
                ],
                "filter_prefix": "raw/",
                "filter_suffix": ".parquet",
                "id": "tf-s3-lambda-20250709225401368200000001",
                "lambda_function_arn": "arn:aws:lambda:us-east-1:643461555743:function:b3-glue-trigger"
              }
            ],
            "queue": [],
            "region": "us-east-1",
            "topic": []
          },
          "sensitive_attributes": [],
          "private": "bnVsbA==",
          "dependencies": [
            "aws_lambda_function.glue_trigger",
            "aws_lambda_permission.allow_s3",
            "aws_s3_bucket.b3_glue",
            "data.aws_caller_identity.current"
          ]
        }
      ]
    },
    {
      "mode": "managed",
      "type": "aws_s3_bucket_versioning",
      "name": "b3_glue_versioning",
      "provider": "provider[\"registry.terraform.io/hashicorp/aws\"]",
      "instances": [
        {
          "schema_version": 0,
          "attributes": {
            "bucket": "fiap-2025-tech02-b3-glue",
            "expected_bucket_owner": "",
            "id": "fiap-2025-tech02-b3-glue",
            "mfa": null,
            "region": "us-east-1",
            "versioning_configuration": [
              {
                "mfa_delete": "",
                "status": "Enabled"
              }
            ]
          },
          "sensitive_attributes": [],
          "private": "bnVsbA==",
          "dependencies": [
            "aws_s3_bucket.b3_glue"
          ]
        }
      ]
    }
  ],
  "check_results": [
    {
      "object_kind": "var",
      "config_addr": "var.bucket_name",
      "status": "pass",
      "objects": [
        {
          "object_addr": "var.bucket_name",
          "status": "pass"
        }
      ]
    }
  ]
}
