{
  "version": 4,
  "terraform_version": "1.5.7",
  "serial": 165,
  "lineage": "d51b3348-23a3-2bc8-92f0-472817ecbb0c",
  "outputs": {
    "account_id": {
      "value": "119268833495",
      "type": "string",
      "sensitive": true
    },
    "bucket_arn": {
      "value": "arn:aws:s3:::fiap-2025-tech02-b3-glue-119268833495",
      "type": "string"
    },
    "bucket_name": {
      "value": "fiap-2025-tech02-b3-glue-119268833495",
      "type": "string"
    },
    "glue_job_visual_name": {
      "value": "b3-visual-etl",
      "type": "string"
    },
    "glue_visual_job_parameters": {
      "value": {
        "glue_version": "4.0",
        "iam_role": "LabRole",
        "job_name": "b3-visual-etl",
        "number_workers": 2,
        "source_bucket": "fiap-2025-tech02-b3-glue-119268833495",
        "target_bucket": "fiap-2025-tech02-b3-glue-119268833495",
        "temp_dir": "s3://fiap-2025-tech02-b3-glue-119268833495/temp/",
        "worker_type": "G.1X"
      },
      "type": [
        "object",
        {
          "glue_version": "string",
          "iam_role": "string",
          "job_name": "string",
          "number_workers": "number",
          "source_bucket": "string",
          "target_bucket": "string",
          "temp_dir": "string",
          "worker_type": "string"
        }
      ]
    },
    "lambda_function_name": {
      "value": "b3-glue-trigger",
      "type": "string"
    }
  },
  "resources": [
    {
      "mode": "data",
      "type": "archive_file",
      "name": "lambda_zip",
      "provider": "provider[\"registry.terraform.io/hashicorp/archive\"]",
      "instances": [
        {
          "schema_version": 0,
          "attributes": {
            "exclude_symlink_directories": null,
            "excludes": null,
            "id": "99ab9bee3088b1d59a3911ce184ef8bff8654b00",
            "output_base64sha256": "EBhDK5amEwpLiWExVFpIbiAgZfHaAebARWPVux52H/Y=",
            "output_base64sha512": "WWNY26zzL/4XiMoHUMT5+4iAc72Tvb6uicAWFOZDIu5obdd47XAv0O1nDW7xI2O1pr3J+PUdXtQg5ZmpT1o9/g==",
            "output_file_mode": null,
            "output_md5": "759c7d5094c492e1dbf8a77203936596",
            "output_path": "./glue_trigger.zip",
            "output_sha": "99ab9bee3088b1d59a3911ce184ef8bff8654b00",
            "output_sha256": "1018432b96a6130a4b896131545a486e202065f1da01e6c04563d5bb1e761ff6",
            "output_sha512": "596358dbacf32ffe1788ca0750c4f9fb888073bd93bdbeae89c01614e64322ee686dd778ed702fd0ed670d6ef12363b5a6bdc9f8f51d5ed420e599a94f5a3dfe",
            "output_size": 574,
            "source": [
              {
                "content": "import json\nimport os\nimport boto3\n\nclient = boto3.client('glue')\n\ndef start_glue_job(job_name):\n    job = client.start_job_run(JobName=job_name)\n    status = client.get_job_run(JobName=job_name, RunId=job['JobRunId'])\n    return status['JobRun']['JobRunState']\n\ndef lambda_handler(event, context):\n    job_name = os.environ.get(\"JOB_NAME\", None)\n    file_name = event['Records'][0]['s3']['object']['key']\n\n    print(f\"Lambda triggered with the addition of file {file_name}\")\n\n    if job_name is None:\n        raise Exception(\"JOB_NAME is not set\")\n    else:\n        try:\n            status = start_glue_job(job_name)\n            print(f\"Job status: {status}\")\n        except Exception as e:\n            print(f\"Error running job: {e}\")\n            raise e\n\n    return {\n        'statusCode': 200,\n        'body': json.dumps(f'Glue Job {job_name} Started')\n    }\n",
                "filename": "lambda_function.py"
              }
            ],
            "source_content": null,
            "source_content_filename": null,
            "source_dir": null,
            "source_file": null,
            "type": "zip"
          },
          "sensitive_attributes": []
        }
      ]
    },
    {
      "mode": "data",
      "type": "aws_caller_identity",
      "name": "current",
      "provider": "provider[\"registry.terraform.io/hashicorp/aws\"]",
      "instances": [
        {
          "schema_version": 0,
          "attributes": {
            "account_id": "119268833495",
            "arn": "arn:aws:iam::119268833495:root",
            "id": "119268833495",
            "user_id": "119268833495"
          },
          "sensitive_attributes": []
        }
      ]
    },
    {
      "mode": "managed",
      "type": "aws_glue_catalog_database",
      "name": "b3_database",
      "provider": "provider[\"registry.terraform.io/hashicorp/aws\"]",
      "instances": [
        {
          "schema_version": 0,
          "attributes": {
            "arn": "arn:aws:glue:us-east-1:119268833495:database/b3_database",
            "catalog_id": "119268833495",
            "create_table_default_permission": [
              {
                "permissions": [
                  "ALL"
                ],
                "principal": [
                  {
                    "data_lake_principal_identifier": "IAM_ALLOWED_PRINCIPALS"
                  }
                ]
              }
            ],
            "description": "",
            "federated_database": [],
            "id": "119268833495:b3_database",
            "location_uri": "",
            "name": "b3_database",
            "parameters": {},
            "region": "us-east-1",
            "tags": {},
            "tags_all": {},
            "target_database": []
          },
          "sensitive_attributes": [],
          "private": "bnVsbA=="
        }
      ]
    },
    {
      "mode": "managed",
      "type": "aws_glue_job",
      "name": "b3_visual_etl",
      "provider": "provider[\"registry.terraform.io/hashicorp/aws\"]",
      "instances": [
        {
          "schema_version": 0,
          "attributes": {
            "arn": "arn:aws:glue:us-east-1:119268833495:job/b3-visual-etl",
            "command": [
              {
                "name": "glueetl",
                "python_version": "3",
                "runtime": "",
                "script_location": "s3://fiap-2025-tech02-b3-glue-119268833495/scripts/b3-visual-etl.py"
              }
            ],
            "connections": [],
            "default_arguments": {
              "--TempDir": "s3://fiap-2025-tech02-b3-glue-119268833495/temp/",
              "--enable-glue-datacatalog": "true",
              "--enable-job-insights": "true",
              "--enable-metrics": "true",
              "--enable-spark-ui": "true",
              "--job-bookmark-option": "job-bookmark-enable",
              "--source-bucket": "fiap-2025-tech02-b3-glue-119268833495",
              "--target-bucket": "fiap-2025-tech02-b3-glue-119268833495"
            },
            "description": "",
            "execution_class": "",
            "execution_property": [
              {
                "max_concurrent_runs": 1
              }
            ],
            "glue_version": "4.0",
            "id": "b3-visual-etl",
            "job_mode": "SCRIPT",
            "job_run_queuing_enabled": false,
            "maintenance_window": "",
            "max_capacity": 2,
            "max_retries": 0,
            "name": "b3-visual-etl",
            "non_overridable_arguments": {},
            "notification_property": [],
            "number_of_workers": 2,
            "region": "us-east-1",
            "role_arn": "arn:aws:iam::119268833495:role/LabRole",
            "security_configuration": "",
            "source_control_details": [],
            "tags": {
              "Environment": "Academy",
              "Name": "B3 Visual ETL"
            },
            "tags_all": {
              "Environment": "Academy",
              "Name": "B3 Visual ETL"
            },
            "timeout": 2880,
            "worker_type": "G.1X"
          },
          "sensitive_attributes": [],
          "private": "bnVsbA==",
          "dependencies": [
            "aws_iam_role.lambda_glue_role",
            "aws_s3_bucket.b3_glue"
          ]
        }
      ]
    },
    {
      "mode": "managed",
      "type": "aws_iam_role",
      "name": "lambda_glue_role",
      "provider": "provider[\"registry.terraform.io/hashicorp/aws\"]",
      "instances": [
        {
          "schema_version": 0,
          "attributes": {
            "arn": "arn:aws:iam::119268833495:role/LabRole",
            "assume_role_policy": "{\"Statement\":[{\"Action\":\"sts:AssumeRole\",\"Effect\":\"Allow\",\"Principal\":{\"Service\":[\"glue.amazonaws.com\",\"lambda.amazonaws.com\"]}}],\"Version\":\"2012-10-17\"}",
            "create_date": "2025-07-31T20:03:00Z",
            "description": "",
            "force_detach_policies": false,
            "id": "LabRole",
            "inline_policy": [
              {
                "name": "LambdaS3GluePolicy",
                "policy": "{\"Version\":\"2012-10-17\",\"Statement\":[{\"Action\":[\"s3:*\"],\"Effect\":\"Allow\",\"Resource\":[\"arn:aws:s3:::fiap-2025-tech02-b3-glue-119268833495\",\"arn:aws:s3:::fiap-2025-tech02-b3-glue-119268833495/*\"]},{\"Action\":[\"glue:StartJobRun\",\"glue:GetJobRun\",\"glue:GetJob\"],\"Effect\":\"Allow\",\"Resource\":[\"arn:aws:glue:us-east-1:119268833495:job/b3-visual-etl\"]},{\"Action\":[\"logs:CreateLogGroup\",\"logs:CreateLogStream\",\"logs:PutLogEvents\"],\"Effect\":\"Allow\",\"Resource\":\"*\"},{\"Action\":[\"glue:CreateTable\",\"glue:UpdateTable\",\"glue:BatchCreatePartition\"],\"Effect\":\"Allow\",\"Resource\":[\"arn:aws:glue:us-east-1:119268833495:catalog\",\"arn:aws:glue:us-east-1:119268833495:database/b3_database\",\"arn:aws:glue:us-east-1:119268833495:table/b3_database/b3_refined\"]}]}"
              }
            ],
            "managed_policy_arns": [
              "arn:aws:iam::aws:policy/service-role/AWSGlueServiceRole",
              "arn:aws:iam::aws:policy/service-role/AWSLambdaBasicExecutionRole"
            ],
            "max_session_duration": 3600,
            "name": "LabRole",
            "name_prefix": "",
            "path": "/",
            "permissions_boundary": "",
            "tags": {},
            "tags_all": {},
            "unique_id": "AROARXRHZ7DLUJW3JKKNF"
          },
          "sensitive_attributes": [],
          "private": "bnVsbA=="
        }
      ]
    },
    {
      "mode": "managed",
      "type": "aws_iam_role_policy",
      "name": "lambda_s3_glue_policy",
      "provider": "provider[\"registry.terraform.io/hashicorp/aws\"]",
      "instances": [
        {
          "schema_version": 0,
          "attributes": {
            "id": "LabRole:LambdaS3GluePolicy",
            "name": "LambdaS3GluePolicy",
            "name_prefix": "",
            "policy": "{\"Version\":\"2012-10-17\",\"Statement\":[{\"Action\":[\"s3:*\"],\"Effect\":\"Allow\",\"Resource\":[\"arn:aws:s3:::fiap-2025-tech02-b3-glue-119268833495\",\"arn:aws:s3:::fiap-2025-tech02-b3-glue-119268833495/*\"]},{\"Action\":[\"glue:StartJobRun\",\"glue:GetJobRun\",\"glue:GetJob\"],\"Effect\":\"Allow\",\"Resource\":[\"arn:aws:glue:us-east-1:119268833495:job/b3-visual-etl\"]},{\"Action\":[\"logs:CreateLogGroup\",\"logs:CreateLogStream\",\"logs:PutLogEvents\"],\"Effect\":\"Allow\",\"Resource\":\"*\"},{\"Action\":[\"glue:CreateTable\",\"glue:UpdateTable\",\"glue:BatchCreatePartition\"],\"Effect\":\"Allow\",\"Resource\":[\"arn:aws:glue:us-east-1:119268833495:catalog\",\"arn:aws:glue:us-east-1:119268833495:database/b3_database\",\"arn:aws:glue:us-east-1:119268833495:table/b3_database/b3_refined\"]}]}",
            "role": "LabRole"
          },
          "sensitive_attributes": [],
          "private": "bnVsbA==",
          "dependencies": [
            "aws_iam_role.lambda_glue_role"
          ]
        }
      ]
    },
    {
      "mode": "managed",
      "type": "aws_iam_role_policy_attachment",
      "name": "glue_service_role",
      "provider": "provider[\"registry.terraform.io/hashicorp/aws\"]",
      "instances": [
        {
          "schema_version": 0,
          "attributes": {
            "id": "LabRole/arn:aws:iam::aws:policy/service-role/AWSGlueServiceRole",
            "policy_arn": "arn:aws:iam::aws:policy/service-role/AWSGlueServiceRole",
            "role": "LabRole"
          },
          "sensitive_attributes": [],
          "private": "bnVsbA==",
          "dependencies": [
            "aws_iam_role.lambda_glue_role"
          ]
        }
      ]
    },
    {
      "mode": "managed",
      "type": "aws_iam_role_policy_attachment",
      "name": "lambda_basic_execution",
      "provider": "provider[\"registry.terraform.io/hashicorp/aws\"]",
      "instances": [
        {
          "schema_version": 0,
          "attributes": {
            "id": "LabRole/arn:aws:iam::aws:policy/service-role/AWSLambdaBasicExecutionRole",
            "policy_arn": "arn:aws:iam::aws:policy/service-role/AWSLambdaBasicExecutionRole",
            "role": "LabRole"
          },
          "sensitive_attributes": [],
          "private": "bnVsbA==",
          "dependencies": [
            "aws_iam_role.lambda_glue_role"
          ]
        }
      ]
    },
    {
      "mode": "managed",
      "type": "aws_lambda_function",
      "name": "glue_trigger",
      "provider": "provider[\"registry.terraform.io/hashicorp/aws\"]",
      "instances": [
        {
          "schema_version": 0,
          "attributes": {
            "architectures": [
              "x86_64"
            ],
            "arn": "arn:aws:lambda:us-east-1:119268833495:function:b3-glue-trigger",
            "code_sha256": "qkW0oePMa381tneR7llYqPIfUMrFr/HHg23JTyEaV5g=",
            "code_signing_config_arn": "",
            "dead_letter_config": [],
            "description": "",
            "environment": [
              {
                "variables": {
                  "JOB_NAME": "b3-visual-etl"
                }
              }
            ],
            "ephemeral_storage": [
              {
                "size": 512
              }
            ],
            "file_system_config": [],
            "filename": "",
            "function_name": "b3-glue-trigger",
            "handler": "lambda_function.lambda_handler",
            "id": "b3-glue-trigger",
            "image_config": [],
            "image_uri": "",
            "invoke_arn": "arn:aws:apigateway:us-east-1:lambda:path/2015-03-31/functions/arn:aws:lambda:us-east-1:119268833495:function:b3-glue-trigger/invocations",
            "kms_key_arn": "",
            "last_modified": "2025-07-31T22:08:34.000+0000",
            "layers": [],
            "logging_config": [
              {
                "application_log_level": "",
                "log_format": "Text",
                "log_group": "/aws/lambda/b3-glue-trigger",
                "system_log_level": ""
              }
            ],
            "memory_size": 128,
            "package_type": "Zip",
            "publish": false,
            "qualified_arn": "arn:aws:lambda:us-east-1:119268833495:function:b3-glue-trigger:$LATEST",
            "qualified_invoke_arn": "arn:aws:apigateway:us-east-1:lambda:path/2015-03-31/functions/arn:aws:lambda:us-east-1:119268833495:function:b3-glue-trigger:$LATEST/invocations",
            "region": "us-east-1",
            "replace_security_groups_on_destroy": null,
            "replacement_security_group_ids": null,
            "reserved_concurrent_executions": -1,
            "role": "arn:aws:iam::119268833495:role/LabRole",
            "runtime": "python3.12",
            "s3_bucket": "fiap-2025-tech02-b3-glue-119268833495",
            "s3_key": "scripts/glue_trigger.zip",
            "s3_object_version": "",
            "signing_job_arn": "",
            "signing_profile_version_arn": "",
            "skip_destroy": false,
            "snap_start": [],
            "source_code_hash": "",
            "source_code_size": 1576,
            "tags": {
              "Environment": "Academy",
              "Name": "B3 Glue Trigger"
            },
            "tags_all": {
              "Environment": "Academy",
              "Name": "B3 Glue Trigger"
            },
            "timeout": 30,
            "timeouts": null,
            "tracing_config": [
              {
                "mode": "PassThrough"
              }
            ],
            "version": "$LATEST",
            "vpc_config": []
          },
          "sensitive_attributes": [],
          "private": "eyJlMmJmYjczMC1lY2FhLTExZTYtOGY4OC0zNDM2M2JjN2M0YzAiOnsiY3JlYXRlIjo2MDAwMDAwMDAwMDAsImRlbGV0ZSI6NjAwMDAwMDAwMDAwLCJ1cGRhdGUiOjYwMDAwMDAwMDAwMH19",
          "dependencies": [
            "aws_s3_bucket.b3_glue",
            "aws_s3_object.lambda_trigger_script",
            "data.archive_file.lambda_zip"
          ]
        }
      ]
    },
    {
      "mode": "managed",
      "type": "aws_lambda_permission",
      "name": "allow_s3",
      "provider": "provider[\"registry.terraform.io/hashicorp/aws\"]",
      "instances": [
        {
          "schema_version": 0,
          "attributes": {
            "action": "lambda:InvokeFunction",
            "event_source_token": null,
            "function_name": "b3-glue-trigger",
            "function_url_auth_type": null,
            "id": "AllowExecutionFromS3Bucket",
            "principal": "s3.amazonaws.com",
            "principal_org_id": null,
            "qualifier": "",
            "region": "us-east-1",
            "source_account": null,
            "source_arn": "arn:aws:s3:::fiap-2025-tech02-b3-glue-119268833495",
            "statement_id": "AllowExecutionFromS3Bucket",
            "statement_id_prefix": ""
          },
          "sensitive_attributes": [],
          "private": "bnVsbA==",
          "dependencies": [
            "aws_lambda_function.glue_trigger",
            "aws_s3_bucket.b3_glue",
            "aws_s3_object.lambda_trigger_script",
            "data.archive_file.lambda_zip"
          ]
        }
      ]
    },
    {
      "mode": "managed",
      "type": "aws_s3_bucket",
      "name": "b3_glue",
      "provider": "provider[\"registry.terraform.io/hashicorp/aws\"]",
      "instances": [
        {
          "schema_version": 0,
          "attributes": {
            "acceleration_status": "",
            "acl": null,
            "arn": "arn:aws:s3:::fiap-2025-tech02-b3-glue-119268833495",
            "bucket": "fiap-2025-tech02-b3-glue-119268833495",
            "bucket_domain_name": "fiap-2025-tech02-b3-glue-119268833495.s3.amazonaws.com",
            "bucket_prefix": "",
            "bucket_region": "us-east-1",
            "bucket_regional_domain_name": "fiap-2025-tech02-b3-glue-119268833495.s3.us-east-1.amazonaws.com",
            "cors_rule": [],
            "force_destroy": true,
            "grant": [
              {
                "id": "709d5b1ad2fefbaf24ac8717a69100278151828688339d56a04f8e66a6786409",
                "permissions": [
                  "FULL_CONTROL"
                ],
                "type": "CanonicalUser",
                "uri": ""
              }
            ],
            "hosted_zone_id": "Z3AQBSTGFYJSTF",
            "id": "fiap-2025-tech02-b3-glue-119268833495",
            "lifecycle_rule": [],
            "logging": [],
            "object_lock_configuration": [],
            "object_lock_enabled": false,
            "policy": "",
            "region": "us-east-1",
            "replication_configuration": [],
            "request_payer": "BucketOwner",
            "server_side_encryption_configuration": [
              {
                "rule": [
                  {
                    "apply_server_side_encryption_by_default": [
                      {
                        "kms_master_key_id": "",
                        "sse_algorithm": "AES256"
                      }
                    ],
                    "bucket_key_enabled": false
                  }
                ]
              }
            ],
            "tags": {
              "Environment": "Academy",
              "Name": "B3 Glue Data",
              "Security": "Private"
            },
            "tags_all": {
              "Environment": "Academy",
              "Name": "B3 Glue Data",
              "Security": "Private"
            },
            "timeouts": null,
            "versioning": [
              {
                "enabled": true,
                "mfa_delete": false
              }
            ],
            "website": [],
            "website_domain": null,
            "website_endpoint": null
          },
          "sensitive_attributes": [],
          "private": "eyJlMmJmYjczMC1lY2FhLTExZTYtOGY4OC0zNDM2M2JjN2M0YzAiOnsiY3JlYXRlIjoxMjAwMDAwMDAwMDAwLCJkZWxldGUiOjM2MDAwMDAwMDAwMDAsInJlYWQiOjEyMDAwMDAwMDAwMDAsInVwZGF0ZSI6MTIwMDAwMDAwMDAwMH19"
        }
      ]
    },
    {
      "mode": "managed",
      "type": "aws_s3_bucket_notification",
      "name": "b3_lambda_trigger",
      "provider": "provider[\"registry.terraform.io/hashicorp/aws\"]",
      "instances": [
        {
          "schema_version": 0,
          "attributes": {
            "bucket": "fiap-2025-tech02-b3-glue-119268833495",
            "eventbridge": false,
            "id": "fiap-2025-tech02-b3-glue-119268833495",
            "lambda_function": [
              {
                "events": [
                  "s3:ObjectCreated:*"
                ],
                "filter_prefix": "raw/",
                "filter_suffix": ".parquet",
                "id": "tf-s3-lambda-20250731220841405400000001",
                "lambda_function_arn": "arn:aws:lambda:us-east-1:119268833495:function:b3-glue-trigger"
              }
            ],
            "queue": [],
            "region": "us-east-1",
            "topic": []
          },
          "sensitive_attributes": [],
          "private": "bnVsbA==",
          "dependencies": [
            "aws_lambda_function.glue_trigger",
            "aws_lambda_permission.allow_s3",
            "aws_s3_bucket.b3_glue",
            "aws_s3_object.lambda_trigger_script",
            "data.archive_file.lambda_zip"
          ]
        }
      ]
    },
    {
      "mode": "managed",
      "type": "aws_s3_bucket_versioning",
      "name": "b3_glue_versioning",
      "provider": "provider[\"registry.terraform.io/hashicorp/aws\"]",
      "instances": [
        {
          "schema_version": 0,
          "attributes": {
            "bucket": "fiap-2025-tech02-b3-glue-119268833495",
            "expected_bucket_owner": "",
            "id": "fiap-2025-tech02-b3-glue-119268833495",
            "mfa": null,
            "region": "us-east-1",
            "versioning_configuration": [
              {
                "mfa_delete": "",
                "status": "Enabled"
              }
            ]
          },
          "sensitive_attributes": [],
          "private": "bnVsbA==",
          "dependencies": [
            "aws_s3_bucket.b3_glue"
          ]
        }
      ]
    },
    {
      "mode": "managed",
      "type": "aws_s3_object",
      "name": "glue_visual_json",
      "provider": "provider[\"registry.terraform.io/hashicorp/aws\"]",
      "instances": [
        {
          "schema_version": 0,
          "attributes": {
            "acl": null,
            "arn": "arn:aws:s3:::fiap-2025-tech02-b3-glue-119268833495/scripts/b3-visual-etl.json",
            "bucket": "fiap-2025-tech02-b3-glue-119268833495",
            "bucket_key_enabled": false,
            "cache_control": "",
            "checksum_algorithm": null,
            "checksum_crc32": "",
            "checksum_crc32c": "",
            "checksum_crc64nvme": "",
            "checksum_sha1": "",
            "checksum_sha256": "",
            "content": "{\n  \"name\" : \"b3-visual-etl\",\n  \"jobMode\" : \"VISUAL\",\n  \"description\" : \"\",\n  \"role\" : \"arn:aws:iam::119268833495:role/LabRole\",\n  \"executionProperty\" : {\n    \"maxConcurrentRuns\" : 1\n  },\n  \"command\" : {\n    \"name\" : \"glueetl\",\n    \"scriptLocation\" : \"s3://fiap-2025-tech02-b3-glue-119268833495/scripts/b3-visual-etl.py\",\n    \"pythonVersion\" : \"3\"\n  },\n  \"defaultArguments\" : {\n    \"--enable-metrics\" : \"true\",\n    \"--enable-spark-ui\" : \"true\",\n    \"--extra-py-files\" : \"s3://aws-glue-studio-transforms-510798373988-prod-us-east-1/gs_common.py,s3://aws-glue-studio-transforms-510798373988-prod-us-east-1/gs_now.py\",\n    \"--spark-event-logs-path\" : \"s3://fiap-2025-tech02-b3-glue-119268833495/sparkHistoryLogs/\",\n    \"--enable-job-insights\" : \"true\",\n    \"--enable-observability-metrics\" : \"true\",\n    \"--enable-glue-datacatalog\" : \"true\",\n    \"--job-bookmark-option\" : \"job-bookmark-disable\",\n    \"--job-language\" : \"python\",\n    \"--TempDir\" : \"s3://fiap-2025-tech02-b3-glue-119268833495/temporary/\"\n  },\n  \"maxRetries\" : 0,\n  \"allocatedCapacity\" : 10,\n  \"timeout\" : 480,\n  \"maxCapacity\" : 10.0,\n  \"glueVersion\" : \"5.0\",\n  \"numberOfWorkers\" : 10,\n  \"workerType\" : \"G.1X\",\n  \"executionClass\" : \"STANDARD\",\n  \"codeGenConfigurationNodes\" : \"{\\\"node-1753490298795\\\":{\\\"RenameField\\\":{\\\"Inputs\\\":[\\\"node-1753490279123\\\"],\\\"Name\\\":\\\"Rename Field\\\",\\\"SourcePath\\\":[\\\"Tipo\\\"],\\\"TargetPath\\\":[\\\"tipo\\\"]}},\\\"node-1753493249896\\\":{\\\"DynamicTransform\\\":{\\\"FunctionName\\\":\\\"gs_now\\\",\\\"Inputs\\\":[\\\"node-1753489806991\\\"],\\\"Name\\\":\\\"Add Current Timestamp\\\",\\\"OutputSchemas\\\":[{\\\"Columns\\\":[{\\\"Name\\\":\\\"Código\\\",\\\"Type\\\":\\\"string\\\"},{\\\"Name\\\":\\\"Ação\\\",\\\"Type\\\":\\\"string\\\"},{\\\"Name\\\":\\\"Tipo\\\",\\\"Type\\\":\\\"string\\\"},{\\\"Name\\\":\\\"Qtde. Teórica\\\",\\\"Type\\\":\\\"string\\\"},{\\\"Name\\\":\\\"Part. (%)\\\",\\\"Type\\\":\\\"null\\\"},{\\\"Name\\\":\\\"timestamp\\\",\\\"Type\\\":\\\"timestamp\\\"}]}],\\\"Parameters\\\":[],\\\"Path\\\":\\\"s3://aws-glue-studio-transforms-510798373988-prod-us-east-1/gs_now.py\\\",\\\"TransformName\\\":\\\"gs_now\\\",\\\"Version\\\":\\\"1.0.0\\\"}},\\\"node-1753490142491\\\":{\\\"RenameField\\\":{\\\"Inputs\\\":[\\\"node-1753493249896\\\"],\\\"Name\\\":\\\"Rename Field\\\",\\\"SourcePath\\\":[\\\"Código\\\"],\\\"TargetPath\\\":[\\\"codigo\\\"]}},\\\"node-1753493658888\\\":{\\\"SparkSQL\\\":{\\\"Inputs\\\":[\\\"node-1753490298795\\\"],\\\"Name\\\":\\\"SQL Query\\\",\\\"OutputSchemas\\\":[{\\\"Columns\\\":[{\\\"Name\\\":\\\"timestamp\\\",\\\"Type\\\":\\\"timestamp\\\"},{\\\"Name\\\":\\\"codigo\\\",\\\"Type\\\":\\\"string\\\"},{\\\"Name\\\":\\\"qtde_teorica\\\",\\\"Type\\\":\\\"string\\\"},{\\\"Name\\\":\\\"part_percent\\\",\\\"Type\\\":\\\"null\\\"},{\\\"Name\\\":\\\"acao\\\",\\\"Type\\\":\\\"string\\\"},{\\\"Name\\\":\\\"tipo\\\",\\\"Type\\\":\\\"string\\\"},{\\\"Name\\\":\\\"dias_desde_pregao\\\",\\\"Type\\\":\\\"int\\\"}]}],\\\"SqlAliases\\\":[{\\\"Alias\\\":\\\"t\\\",\\\"From\\\":\\\"node-1753490298795\\\"}],\\\"SqlQuery\\\":\\\"SELECT\\\\r\\\\n  *,\\\\r\\\\n  datediff(current_date, t.timestamp) AS dias_desde_pregao\\\\r\\\\nFROM\\\\r\\\\n  t\\\"}},\\\"node-1753490298795\\\":{\\\"RenameField\\\":{\\\"Inputs\\\":[\\\"node-1753490279123\\\"],\\\"Name\\\":\\\"Rename Field\\\",\\\"SourcePath\\\":[\\\"Tipo\\\"],\\\"TargetPath\\\":[\\\"tipo\\\"]}},\\\"node-1753489806991\\\":{\\\"S3ParquetSource\\\":{\\\"AdditionalOptions\\\":{\\\"EnableSamplePath\\\":true,\\\"SamplePath\\\":\\\"s3://fiap-2025-tech02-b3-glue-119268833495/raw/dt_particao=20250725/IBOV_2025-07-25.parquet\\\"},\\\"Exclusions\\\":[],\\\"Name\\\":\\\"Amazon S3\\\",\\\"OutputSchemas\\\":[{\\\"Columns\\\":[{\\\"Name\\\":\\\"Código\\\",\\\"Type\\\":\\\"string\\\"},{\\\"Name\\\":\\\"Ação\\\",\\\"Type\\\":\\\"string\\\"},{\\\"Name\\\":\\\"Tipo\\\",\\\"Type\\\":\\\"string\\\"},{\\\"Name\\\":\\\"Qtde. Teórica\\\",\\\"Type\\\":\\\"string\\\"},{\\\"Name\\\":\\\"Part. (%)\\\",\\\"Type\\\":\\\"double\\\"}]}],\\\"Paths\\\":[\\\"s3://fiap-2025-tech02-b3-glue-119268833495\\\"],\\\"Recurse\\\":true}},\\\"node-1753490262843\\\":{\\\"RenameField\\\":{\\\"Inputs\\\":[\\\"node-1753490242299\\\"],\\\"Name\\\":\\\"Rename Field\\\",\\\"SourcePath\\\":[\\\"Part. (%)\\\"],\\\"TargetPath\\\":[\\\"part_percent\\\"]}},\\\"node-1753490279123\\\":{\\\"RenameField\\\":{\\\"Inputs\\\":[\\\"node-1753490262843\\\"],\\\"Name\\\":\\\"Rename Field\\\",\\\"SourcePath\\\":[\\\"Ação\\\"],\\\"TargetPath\\\":[\\\"acao\\\"]}},\\\"node-1753490242299\\\":{\\\"RenameField\\\":{\\\"Inputs\\\":[\\\"node-1753490142491\\\"],\\\"Name\\\":\\\"Rename Field\\\",\\\"SourcePath\\\":[\\\"Qtde. Teórica\\\"],\\\"TargetPath\\\":[\\\"qtde_teorica\\\"]}},\\\"node-1753491255901\\\":{\\\"S3GlueParquetTarget\\\":{\\\"AutoDataQuality\\\":{\\\"EvaluationContext\\\":\\\"EvaluateDataQuality_node1753491242402\\\",\\\"IsEnabled\\\":true},\\\"Compression\\\":\\\"snappy\\\",\\\"Inputs\\\":[\\\"node-1753494023736\\\"],\\\"Name\\\":\\\"Amazon S3\\\",\\\"NumberTargetPartitions\\\":\\\"0\\\",\\\"PartitionKeys\\\":[[\\\"tipo\\\"]],\\\"Path\\\":\\\"s3://fiap-2025-tech02-b3-glue-119268833495/refined/\\\",\\\"SchemaChangePolicy\\\":{\\\"Database\\\":\\\"b3_database\\\",\\\"EnableUpdateCatalog\\\":true,\\\"Table\\\":\\\"b3_refined\\\",\\\"UpdateBehavior\\\":\\\"UPDATE_IN_DATABASE\\\"}}},\\\"node-1753494023736\\\":{\\\"Aggregate\\\":{\\\"Aggs\\\":[{\\\"AggFunc\\\":\\\"countDistinct\\\",\\\"Column\\\":[\\\"acao\\\"]}],\\\"Groups\\\":[[\\\"tipo\\\"]],\\\"Inputs\\\":[\\\"node-1753493658888\\\"],\\\"Name\\\":\\\"Aggregate\\\"}}}\",\n  \"sourceControlDetails\" : {\n    \"provider\" : \"GITHUB\",\n    \"repository\" : \"tech-challenge-2\",\n    \"branch\" : \"visual-glue-job\",\n    \"folder\" : \"b3-visual-etl\"\n  }\n}",
            "content_base64": null,
            "content_disposition": "",
            "content_encoding": "",
            "content_language": "",
            "content_type": "application/octet-stream",
            "etag": "8f6784a184a6860849b866785551f1ac",
            "force_destroy": false,
            "id": "fiap-2025-tech02-b3-glue-119268833495/scripts/b3-visual-etl.json",
            "key": "scripts/b3-visual-etl.json",
            "kms_key_id": null,
            "metadata": {},
            "object_lock_legal_hold_status": "",
            "object_lock_mode": "",
            "object_lock_retain_until_date": "",
            "override_provider": [],
            "region": "us-east-1",
            "server_side_encryption": "AES256",
            "source": null,
            "source_hash": null,
            "storage_class": "STANDARD",
            "tags": {
              "Name": "B3 Visual ETL JSON Config"
            },
            "tags_all": {
              "Name": "B3 Visual ETL JSON Config"
            },
            "version_id": "n04iTpdA58nGZoImldOiEqKo8lRU2OZ4",
            "website_redirect": ""
          },
          "sensitive_attributes": [],
          "private": "bnVsbA==",
          "dependencies": [
            "aws_s3_bucket.b3_glue"
          ]
        }
      ]
    },
    {
      "mode": "managed",
      "type": "aws_s3_object",
      "name": "glue_visual_script",
      "provider": "provider[\"registry.terraform.io/hashicorp/aws\"]",
      "instances": [
        {
          "schema_version": 0,
          "attributes": {
            "acl": null,
            "arn": "arn:aws:s3:::fiap-2025-tech02-b3-glue-119268833495/scripts/b3-visual-etl.py",
            "bucket": "fiap-2025-tech02-b3-glue-119268833495",
            "bucket_key_enabled": false,
            "cache_control": "",
            "checksum_algorithm": null,
            "checksum_crc32": "",
            "checksum_crc32c": "",
            "checksum_crc64nvme": "",
            "checksum_sha1": "",
            "checksum_sha256": "",
            "content": "import sys\nfrom awsglue.transforms import *\nfrom awsglue.utils import getResolvedOptions\nfrom pyspark.context import SparkContext\nfrom awsglue.context import GlueContext\nfrom awsglue.job import Job\nfrom pyspark.sql.functions import col, current_date, datediff, to_date, regexp_replace, countDistinct, input_file_name\n\nargs = getResolvedOptions(sys.argv, ['JOB_NAME'])\nsc = SparkContext()\nglueContext = GlueContext(sc)\nspark = glueContext.spark_session\njob = Job(glueContext)\njob.init(args['JOB_NAME'], args)\n\n# Read from S3 raw with partition inference\nsource_path = \"s3://fiap-2025-tech02-b3-glue-119268833495/raw/\"\nspark_df = spark.read.option(\"basePath\", source_path).parquet(f\"{source_path}dt_particao=*/\")\nspark_df = spark_df.withColumn(\"dt_particao\", regexp_replace(input_file_name(), \".*/dt_particao=(\\\\d+)/.*\", \"$1\"))\n\n# Filter valid Tipo\nvalid_tipos = ['ON', 'PN', 'PNA', 'PNB', 'UNT']\nspark_df = spark_df.filter(col(\"Tipo\").isin(valid_tipos))\n\n# Rename two columns (requirement 5)\nspark_df = spark_df.withColumnRenamed(\"Código\", \"codigo\") \\\n                   .withColumnRenamed(\"Ação\", \"acao\")\n\n# Clean Qtde. Teórica\nspark_df = spark_df.withColumn(\"qtde_teorica\", regexp_replace(col(\"`Qtde. Teórica`\"), \"\\\\.\", \"\").cast(\"bigint\"))\n\n# Date calculation (requirement 5)\nspark_df = spark_df.withColumn(\"dias_desde_pregao\", datediff(current_date(), to_date(\"dt_particao\", \"yyyyMMdd\")))\n\n# Aggregation (requirement 5: numeric summarization)\nagg_df = spark_df.groupBy(\"Tipo\").agg(countDistinct(\"acao\").alias(\"num_acoes\"))\nagg_df.write.mode(\"overwrite\").parquet(\"s3://fiap-2025-tech02-b3-glue-119268833495/temp/agg/\")\n\n# Write refined data (requirement 6)\nspark_df.write.mode(\"append\") \\\n        .partitionBy(\"dt_particao\", \"codigo\") \\\n        .parquet(\"s3://fiap-2025-tech02-b3-glue-119268833495/refined/\")\n\n# Catalog the table (requirement 7)\nspark.sql(\"\"\"\nCREATE EXTERNAL TABLE IF NOT EXISTS b3_database.b3_refined (\n  acao STRING,\n  Tipo STRING,\n  qtde_teorica BIGINT,\n  `Part. (%)` DOUBLE,\n  dias_desde_pregao INT\n)\nPARTITIONED BY (dt_particao STRING, codigo STRING)\nROW FORMAT SERDE 'org.apache.hadoop.hive.ql.io.parquet.serde.ParquetHiveSerDe'\nSTORED AS INPUTFORMAT 'org.apache.hadoop.hive.ql.io.parquet.MapredParquetInputFormat'\nOUTPUTFORMAT 'org.apache.hadoop.hive.ql.io.parquet.MapredParquetOutputFormat'\nLOCATION 's3://fiap-2025-tech02-b3-glue-119268833495/refined/'\n\"\"\")\nspark.sql(\"MSCK REPAIR TABLE b3_database.b3_refined\")\n\njob.commit()\n",
            "content_base64": null,
            "content_disposition": "",
            "content_encoding": "",
            "content_language": "",
            "content_type": "application/octet-stream",
            "etag": "e667cd7f81657c636f7b21e008565351",
            "force_destroy": false,
            "id": "fiap-2025-tech02-b3-glue-119268833495/scripts/b3-visual-etl.py",
            "key": "scripts/b3-visual-etl.py",
            "kms_key_id": null,
            "metadata": {},
            "object_lock_legal_hold_status": "",
            "object_lock_mode": "",
            "object_lock_retain_until_date": "",
            "override_provider": [],
            "region": "us-east-1",
            "server_side_encryption": "AES256",
            "source": null,
            "source_hash": null,
            "storage_class": "STANDARD",
            "tags": {
              "Name": "B3 Visual ETL Script"
            },
            "tags_all": {
              "Name": "B3 Visual ETL Script"
            },
            "version_id": "lHWLOmiQJLY9KJGGKY56mANAg4_8YkqP",
            "website_redirect": ""
          },
          "sensitive_attributes": [],
          "private": "bnVsbA==",
          "dependencies": [
            "aws_s3_bucket.b3_glue"
          ]
        }
      ]
    },
    {
      "mode": "managed",
      "type": "aws_s3_object",
      "name": "lambda_trigger_script",
      "provider": "provider[\"registry.terraform.io/hashicorp/aws\"]",
      "instances": [
        {
          "schema_version": 0,
          "attributes": {
            "acl": null,
            "arn": "arn:aws:s3:::fiap-2025-tech02-b3-glue-119268833495/scripts/glue_trigger.zip",
            "bucket": "fiap-2025-tech02-b3-glue-119268833495",
            "bucket_key_enabled": false,
            "cache_control": "",
            "checksum_algorithm": null,
            "checksum_crc32": "",
            "checksum_crc32c": "",
            "checksum_crc64nvme": "",
            "checksum_sha1": "",
            "checksum_sha256": "",
            "content": null,
            "content_base64": null,
            "content_disposition": "",
            "content_encoding": "",
            "content_language": "",
            "content_type": "application/zip",
            "etag": "759c7d5094c492e1dbf8a77203936596",
            "force_destroy": false,
            "id": "fiap-2025-tech02-b3-glue-119268833495/scripts/glue_trigger.zip",
            "key": "scripts/glue_trigger.zip",
            "kms_key_id": null,
            "metadata": {},
            "object_lock_legal_hold_status": "",
            "object_lock_mode": "",
            "object_lock_retain_until_date": "",
            "override_provider": [],
            "region": "us-east-1",
            "server_side_encryption": "AES256",
            "source": "./glue_trigger.zip",
            "source_hash": null,
            "storage_class": "STANDARD",
            "tags": {
              "Name": "B3 Lambda Trigger Code"
            },
            "tags_all": {
              "Name": "B3 Lambda Trigger Code"
            },
            "version_id": "_AVS7ohsmhc2bBXkuPjZYBbUfyXynGYv",
            "website_redirect": ""
          },
          "sensitive_attributes": [],
          "private": "bnVsbA==",
          "dependencies": [
            "aws_s3_bucket.b3_glue",
            "data.archive_file.lambda_zip"
          ]
        }
      ]
    }
  ],
  "check_results": null
}
